
Microsoft Visual Studio Solution File, Format Version 12.00
# Visual Studio Version 17
VisualStudioVersion = 17.3.32825.248
MinimumVisualStudioVersion = 10.0.40219.1
Project("{8BC9CEB8-8B4A-11D0-8D11-00A0C91BC942}") = "Compression_Decompression", "Compression_Decompression\Compression_Decompression.vcxproj", "{E43013F0-7584-4598-8FC3-FA6F496A3F24}"
EndProject
Project("{8BC9CEB8-8B4A-11D0-8D11-00A0C91BC942}") = "Testing_Compression_Decompression", "Testing_Compression_Decompression\Testing_Compression_Decompression.vcxproj", "{C30931AF-ABF8-4478-9889-8ECE318DF7C9}"
	ProjectSection(ProjectDependencies) = postProject
		{E43013F0-7584-4598-8FC3-FA6F496A3F24} = {E43013F0-7584-4598-8FC3-FA6F496A3F24}
	EndProjectSection
EndProject
Global
	GlobalSection(SolutionConfigurationPlatforms) = preSolution
		Debug|x64 = Debug|x64
		Debug|x86 = Debug|x86
		Release|x64 = Release|x64
		Release|x86 = Release|x86
	EndGlobalSection
	GlobalSection(ProjectConfigurationPlatforms) = postSolution
		{E43013F0-7584-4598-8FC3-FA6F496A3F24}.Debug|x64.ActiveCfg = Debug|x64
		{E43013F0-7584-4598-8FC3-FA6F496A3F24}.Debug|x64.Build.0 = Debug|x64
		{E43013F0-7584-4598-8FC3-FA6F496A3F24}.Debug|x86.ActiveCfg = Debug|Win32
		{E43013F0-7584-4598-8FC3-FA6F496A3F24}.Debug|x86.Build.0 = Debug|Win32
		{E43013F0-7584-4598-8FC3-FA6F496A3F24}.Release|x64.ActiveCfg = Release|x64
		{E43013F0-7584-4598-8FC3-FA6F496A3F24}.Release|x64.Build.0 = Release|x64
		{E43013F0-7584-4598-8FC3-FA6F496A3F24}.Release|x86.ActiveCfg = Release|Win32
		{E43013F0-7584-4598-8FC3-FA6F496A3F24}.Release|x86.Build.0 = Release|Win32
		{C30931AF-ABF8-4478-9889-8ECE318DF7C9}.Debug|x64.ActiveCfg = Debug|x64
		{C30931AF-ABF8-4478-9889-8ECE318DF7C9}.Debug|x64.Build.0 = Debug|x64
		{C30931AF-ABF8-4478-9889-8ECE318DF7C9}.Debug|x86.ActiveCfg = Debug|Win32
		{C30931AF-ABF8-4478-9889-8ECE318DF7C9}.Debug|x86.Build.0 = Debug|Win32
		{C30931AF-ABF8-4478-9889-8ECE318DF7C9}.Release|x64.ActiveCfg = Release|x64
		{C30931AF-ABF8-4478-9889-8ECE318DF7C9}.Release|x64.Build.0 = Release|x64
		{C30931AF-ABF8-4478-9889-8ECE318DF7C9}.Release|x86.ActiveCfg = Release|Win32
		{C30931AF-ABF8-4478-9889-8ECE318DF7C9}.Release|x86.Build.0 = Release|Win32
	EndGlobalSection
	GlobalSection(SolutionProperties) = preSolution
		HideSolutionNode = FALSE
	EndGlobalSection
	GlobalSection(ExtensibilityGlobals) = postSolution
		SolutionGuid = {0D318DAD-036C-410B-A052-26CE6440C51E}
	EndGlobalSection
EndGlobal
