<?xml version="1.0" encoding="utf-8"?>
<Project ToolsVersion="4.0" xmlns="http://schemas.microsoft.com/developer/msbuild/2003">
  <ItemGroup>
    <ClCompile Include="Compression_Decompression.c" />
    <ClCompile Include="compressor_decompressor.c" />
    <ClCompile Include="file_managment.c" />
    <ClCompile Include="huffman_code.c" />
    <ClCompile Include="lz77.c" />
    <ClCompile Include="priority_queue.c" />
    <ClCompile Include="log.c" />
    <ClCompile Include="lz77_test.c">
      <Filter>testing</Filter>
    </ClCompile>
  </ItemGroup>
  <ItemGroup>
    <ClInclude Include="compressor_decompressor.h" />
    <ClInclude Include="file_managment.h" />
    <ClInclude Include="general_define.h" />
    <ClInclude Include="huffman_code.h" />
    <ClInclude Include="lz77.h" />
    <ClInclude Include="priority_queue.h" />
    <ClInclude Include="log.h" />
  </ItemGroup>
  <ItemGroup>
    <Filter Include="logger">
      <UniqueIdentifier>{65dbe382-31b7-4452-84c8-9f1737257d04}</UniqueIdentifier>
    <ClInclude Include="lz77_test.h">
      <Filter>testing</Filter>
    </ClInclude>
  </ItemGroup>
  <ItemGroup>
    <Filter Include="testing">
      <UniqueIdentifier>{acfa7b91-3a95-4031-8153-b9c7db4f8a9b}</UniqueIdentifier>
    </Filter>
  </ItemGroup>
</Project>