<?xml version="1.0" encoding="utf-8"?>
<Project ToolsVersion="4.0" xmlns="http://schemas.microsoft.com/developer/msbuild/2003">
  <ItemGroup>
    <ClCompile Include="Compression_Decompression.c" />
    <ClCompile Include="compressor_decompressor.c" />
    <ClCompile Include="file_managment.c" />
    <ClCompile Include="huffman_code.c" />
    <ClCompile Include="lz77.c" />
    <ClCompile Include="priority_queue.c" />
    <ClCompile Include="log.c" />
    <ClCompile Include="getopt.c" />
  </ItemGroup>
  <ItemGroup>
    <ClInclude Include="compressor_decompressor.h" />
    <ClInclude Include="file_managment.h" />
    <ClInclude Include="general_define.h" />
    <ClInclude Include="huffman_code.h" />
    <ClInclude Include="lz77.h" />
    <ClInclude Include="priority_queue.h" />
    <ClInclude Include="log.h" />
    <ClInclude Include="getopt.h" />
  </ItemGroup>
</Project>